
Microsoft Visual Studio Solution File, Format Version 12.00
# Visual Studio Version 17
VisualStudioVersion = 17.5.002.0
MinimumVisualStudioVersion = 10.0.40219.1
Project("{9A19103F-16F7-4668-BE54-9A1E7A4F7556}") = "DesafioProjetoHospedagem", "DesafioProjetoHospedagem.csproj", "{0A663E5C-14B1-4081-BCE5-79D9586EE8A1}"
EndProject
Global
	GlobalSection(SolutionConfigurationPlatforms) = preSolution
		Debug|Any CPU = Debug|Any CPU
		Release|Any CPU = Release|Any CPU
	EndGlobalSection
	GlobalSection(ProjectConfigurationPlatforms) = postSolution
		{0A663E5C-14B1-4081-BCE5-79D9586EE8A1}.Debug|Any CPU.ActiveCfg = Debug|Any CPU
		{0A663E5C-14B1-4081-BCE5-79D9586EE8A1}.Debug|Any CPU.Build.0 = Debug|Any CPU
		{0A663E5C-14B1-4081-BCE5-79D9586EE8A1}.Release|Any CPU.ActiveCfg = Release|Any CPU
		{0A663E5C-14B1-4081-BCE5-79D9586EE8A1}.Release|Any CPU.Build.0 = Release|Any CPU
	EndGlobalSection
	GlobalSection(SolutionProperties) = preSolution
		HideSolutionNode = FALSE
	EndGlobalSection
	GlobalSection(ExtensibilityGlobals) = postSolution
		SolutionGuid = {3C1EE107-1BE1-4D46-ACE9-7E6B649A56B1}
	EndGlobalSection
EndGlobal
